
Microsoft Visual Studio Solution File, Format Version 12.00
# Visual Studio Version 16
VisualStudioVersion = 16.0.33027.164
MinimumVisualStudioVersion = 10.0.40219.1
Project("{FAE04EC0-301F-11D3-BF4B-00C04F79EFBC}") = "MVC_CompanySecurityTest", "MVC_CompanySecurityTest.csproj", "{7ACAF316-02C6-4D41-862A-5470ED55DA67}"
EndProject
Global
	GlobalSection(SolutionConfigurationPlatforms) = preSolution
		Debug|Any CPU = Debug|Any CPU
		Release|Any CPU = Release|Any CPU
	EndGlobalSection
	GlobalSection(ProjectConfigurationPlatforms) = postSolution
		{7ACAF316-02C6-4D41-862A-5470ED55DA67}.Debug|Any CPU.ActiveCfg = Debug|Any CPU
		{7ACAF316-02C6-4D41-862A-5470ED55DA67}.Debug|Any CPU.Build.0 = Debug|Any CPU
		{7ACAF316-02C6-4D41-862A-5470ED55DA67}.Release|Any CPU.ActiveCfg = Release|Any CPU
		{7ACAF316-02C6-4D41-862A-5470ED55DA67}.Release|Any CPU.Build.0 = Release|Any CPU
	EndGlobalSection
	GlobalSection(SolutionProperties) = preSolution
		HideSolutionNode = FALSE
	EndGlobalSection
	GlobalSection(ExtensibilityGlobals) = postSolution
		SolutionGuid = {AD48800E-BC40-4F19-9E18-7CDEADA23D3B}
	EndGlobalSection
EndGlobal
